
Microsoft Visual Studio Solution File, Format Version 12.00
# Visual Studio 15
VisualStudioVersion = 15.0.26124.0
MinimumVisualStudioVersion = 15.0.26124.0
Project("{9A19103F-16F7-4668-BE54-9A1E7A4F7556}") = "R5T.Argumentos.Default.Construction", "R5T.Argumentos.Default.Construction\R5T.Argumentos.Default.Construction.csproj", "{4A180FE4-90A1-4C62-ADAA-909392EA6077}"
EndProject
Project("{9A19103F-16F7-4668-BE54-9A1E7A4F7556}") = "R5T.Argumentos.Default", "R5T.Argumentos.Default\R5T.Argumentos.Default.csproj", "{B14C75DA-F232-4BE1-A9B3-0E183F0A9180}"
EndProject
Project("{2150E333-8FDC-42A3-9474-1A3956D46DE8}") = "_Dependencies", "_Dependencies", "{CC4E5202-A809-4553-8575-BB68B10F6376}"
EndProject
Project("{9A19103F-16F7-4668-BE54-9A1E7A4F7556}") = "R5T.Argumentos.Base", "..\..\R5T.Argumentos.Base\source\R5T.Argumentos.Base\R5T.Argumentos.Base.csproj", "{BA100A06-5272-40F9-9F3C-4FB653AC2519}"
EndProject
Project("{9A19103F-16F7-4668-BE54-9A1E7A4F7556}") = "R5T.Dacia", "..\..\R5T.Dacia\source\R5T.Dacia\R5T.Dacia.csproj", "{C52BFFA8-6E77-4584-9FFB-9940B544137A}"
EndProject
Project("{9A19103F-16F7-4668-BE54-9A1E7A4F7556}") = "R5T.Dacia.Extensions", "..\..\R5T.Dacia.Extensions\source\R5T.Dacia.Extensions\R5T.Dacia.Extensions.csproj", "{3451B218-0D19-411B-A72D-5BF46696C8F8}"
EndProject
Global
	GlobalSection(SolutionConfigurationPlatforms) = preSolution
		Debug|Any CPU = Debug|Any CPU
		Debug|x64 = Debug|x64
		Debug|x86 = Debug|x86
		Release|Any CPU = Release|Any CPU
		Release|x64 = Release|x64
		Release|x86 = Release|x86
	EndGlobalSection
	GlobalSection(ProjectConfigurationPlatforms) = postSolution
		{4A180FE4-90A1-4C62-ADAA-909392EA6077}.Debug|Any CPU.ActiveCfg = Debug|Any CPU
		{4A180FE4-90A1-4C62-ADAA-909392EA6077}.Debug|Any CPU.Build.0 = Debug|Any CPU
		{4A180FE4-90A1-4C62-ADAA-909392EA6077}.Debug|x64.ActiveCfg = Debug|Any CPU
		{4A180FE4-90A1-4C62-ADAA-909392EA6077}.Debug|x64.Build.0 = Debug|Any CPU
		{4A180FE4-90A1-4C62-ADAA-909392EA6077}.Debug|x86.ActiveCfg = Debug|Any CPU
		{4A180FE4-90A1-4C62-ADAA-909392EA6077}.Debug|x86.Build.0 = Debug|Any CPU
		{4A180FE4-90A1-4C62-ADAA-909392EA6077}.Release|Any CPU.ActiveCfg = Release|Any CPU
		{4A180FE4-90A1-4C62-ADAA-909392EA6077}.Release|Any CPU.Build.0 = Release|Any CPU
		{4A180FE4-90A1-4C62-ADAA-909392EA6077}.Release|x64.ActiveCfg = Release|Any CPU
		{4A180FE4-90A1-4C62-ADAA-909392EA6077}.Release|x64.Build.0 = Release|Any CPU
		{4A180FE4-90A1-4C62-ADAA-909392EA6077}.Release|x86.ActiveCfg = Release|Any CPU
		{4A180FE4-90A1-4C62-ADAA-909392EA6077}.Release|x86.Build.0 = Release|Any CPU
		{B14C75DA-F232-4BE1-A9B3-0E183F0A9180}.Debug|Any CPU.ActiveCfg = Debug|Any CPU
		{B14C75DA-F232-4BE1-A9B3-0E183F0A9180}.Debug|Any CPU.Build.0 = Debug|Any CPU
		{B14C75DA-F232-4BE1-A9B3-0E183F0A9180}.Debug|x64.ActiveCfg = Debug|Any CPU
		{B14C75DA-F232-4BE1-A9B3-0E183F0A9180}.Debug|x64.Build.0 = Debug|Any CPU
		{B14C75DA-F232-4BE1-A9B3-0E183F0A9180}.Debug|x86.ActiveCfg = Debug|Any CPU
		{B14C75DA-F232-4BE1-A9B3-0E183F0A9180}.Debug|x86.Build.0 = Debug|Any CPU
		{B14C75DA-F232-4BE1-A9B3-0E183F0A9180}.Release|Any CPU.ActiveCfg = Release|Any CPU
		{B14C75DA-F232-4BE1-A9B3-0E183F0A9180}.Release|Any CPU.Build.0 = Release|Any CPU
		{B14C75DA-F232-4BE1-A9B3-0E183F0A9180}.Release|x64.ActiveCfg = Release|Any CPU
		{B14C75DA-F232-4BE1-A9B3-0E183F0A9180}.Release|x64.Build.0 = Release|Any CPU
		{B14C75DA-F232-4BE1-A9B3-0E183F0A9180}.Release|x86.ActiveCfg = Release|Any CPU
		{B14C75DA-F232-4BE1-A9B3-0E183F0A9180}.Release|x86.Build.0 = Release|Any CPU
		{BA100A06-5272-40F9-9F3C-4FB653AC2519}.Debug|Any CPU.ActiveCfg = Debug|Any CPU
		{BA100A06-5272-40F9-9F3C-4FB653AC2519}.Debug|Any CPU.Build.0 = Debug|Any CPU
		{BA100A06-5272-40F9-9F3C-4FB653AC2519}.Debug|x64.ActiveCfg = Debug|Any CPU
		{BA100A06-5272-40F9-9F3C-4FB653AC2519}.Debug|x64.Build.0 = Debug|Any CPU
		{BA100A06-5272-40F9-9F3C-4FB653AC2519}.Debug|x86.ActiveCfg = Debug|Any CPU
		{BA100A06-5272-40F9-9F3C-4FB653AC2519}.Debug|x86.Build.0 = Debug|Any CPU
		{BA100A06-5272-40F9-9F3C-4FB653AC2519}.Release|Any CPU.ActiveCfg = Release|Any CPU
		{BA100A06-5272-40F9-9F3C-4FB653AC2519}.Release|Any CPU.Build.0 = Release|Any CPU
		{BA100A06-5272-40F9-9F3C-4FB653AC2519}.Release|x64.ActiveCfg = Release|Any CPU
		{BA100A06-5272-40F9-9F3C-4FB653AC2519}.Release|x64.Build.0 = Release|Any CPU
		{BA100A06-5272-40F9-9F3C-4FB653AC2519}.Release|x86.ActiveCfg = Release|Any CPU
		{BA100A06-5272-40F9-9F3C-4FB653AC2519}.Release|x86.Build.0 = Release|Any CPU
		{C52BFFA8-6E77-4584-9FFB-9940B544137A}.Debug|Any CPU.ActiveCfg = Debug|Any CPU
		{C52BFFA8-6E77-4584-9FFB-9940B544137A}.Debug|Any CPU.Build.0 = Debug|Any CPU
		{C52BFFA8-6E77-4584-9FFB-9940B544137A}.Debug|x64.ActiveCfg = Debug|Any CPU
		{C52BFFA8-6E77-4584-9FFB-9940B544137A}.Debug|x64.Build.0 = Debug|Any CPU
		{C52BFFA8-6E77-4584-9FFB-9940B544137A}.Debug|x86.ActiveCfg = Debug|Any CPU
		{C52BFFA8-6E77-4584-9FFB-9940B544137A}.Debug|x86.Build.0 = Debug|Any CPU
		{C52BFFA8-6E77-4584-9FFB-9940B544137A}.Release|Any CPU.ActiveCfg = Release|Any CPU
		{C52BFFA8-6E77-4584-9FFB-9940B544137A}.Release|Any CPU.Build.0 = Release|Any CPU
		{C52BFFA8-6E77-4584-9FFB-9940B544137A}.Release|x64.ActiveCfg = Release|Any CPU
		{C52BFFA8-6E77-4584-9FFB-9940B544137A}.Release|x64.Build.0 = Release|Any CPU
		{C52BFFA8-6E77-4584-9FFB-9940B544137A}.Release|x86.ActiveCfg = Release|Any CPU
		{C52BFFA8-6E77-4584-9FFB-9940B544137A}.Release|x86.Build.0 = Release|Any CPU
		{3451B218-0D19-411B-A72D-5BF46696C8F8}.Debug|Any CPU.ActiveCfg = Debug|Any CPU
		{3451B218-0D19-411B-A72D-5BF46696C8F8}.Debug|Any CPU.Build.0 = Debug|Any CPU
		{3451B218-0D19-411B-A72D-5BF46696C8F8}.Debug|x64.ActiveCfg = Debug|Any CPU
		{3451B218-0D19-411B-A72D-5BF46696C8F8}.Debug|x64.Build.0 = Debug|Any CPU
		{3451B218-0D19-411B-A72D-5BF46696C8F8}.Debug|x86.ActiveCfg = Debug|Any CPU
		{3451B218-0D19-411B-A72D-5BF46696C8F8}.Debug|x86.Build.0 = Debug|Any CPU
		{3451B218-0D19-411B-A72D-5BF46696C8F8}.Release|Any CPU.ActiveCfg = Release|Any CPU
		{3451B218-0D19-411B-A72D-5BF46696C8F8}.Release|Any CPU.Build.0 = Release|Any CPU
		{3451B218-0D19-411B-A72D-5BF46696C8F8}.Release|x64.ActiveCfg = Release|Any CPU
		{3451B218-0D19-411B-A72D-5BF46696C8F8}.Release|x64.Build.0 = Release|Any CPU
		{3451B218-0D19-411B-A72D-5BF46696C8F8}.Release|x86.ActiveCfg = Release|Any CPU
		{3451B218-0D19-411B-A72D-5BF46696C8F8}.Release|x86.Build.0 = Release|Any CPU
	EndGlobalSection
	GlobalSection(SolutionProperties) = preSolution
		HideSolutionNode = FALSE
	EndGlobalSection
	GlobalSection(NestedProjects) = preSolution
		{BA100A06-5272-40F9-9F3C-4FB653AC2519} = {CC4E5202-A809-4553-8575-BB68B10F6376}
		{C52BFFA8-6E77-4584-9FFB-9940B544137A} = {CC4E5202-A809-4553-8575-BB68B10F6376}
		{3451B218-0D19-411B-A72D-5BF46696C8F8} = {CC4E5202-A809-4553-8575-BB68B10F6376}
	EndGlobalSection
	GlobalSection(ExtensibilityGlobals) = postSolution
		SolutionGuid = {31DAE138-BB61-4336-90FE-FA650101AB5A}
	EndGlobalSection
EndGlobal
